
Microsoft Visual Studio Solution File, Format Version 12.00
# Visual Studio 2013
VisualStudioVersion = 12.0.30723.0
MinimumVisualStudioVersion = 10.0.40219.1
Project("{8BC9CEB8-8B4A-11D0-8D11-00A0C91BC942}") = "SpatialIndex.NET", "SpatialIndex.NET\SpatialIndex.NET.vcxproj", "{62CEAA48-47EF-4CB1-8AC6-F038A2DDA721}"
EndProject
Project("{FAE04EC0-301F-11D3-BF4B-00C04F79EFBC}") = "SpatialIndex.NET.Test", "SpatialIndex.NET.Test\SpatialIndex.NET.Test.csproj", "{0862448C-95DB-4044-8593-265919438E07}"
EndProject
Project("{8BC9CEB8-8B4A-11D0-8D11-00A0C91BC942}") = "SpatialIndex.NET.TestSupport", "SpatialIndex.NET.TestSupport\SpatialIndex.NET.TestSupport.vcxproj", "{EA2921D8-0153-499C-AF80-0D05A0E06FE3}"
EndProject
Project("{2150E333-8FDC-42A3-9474-1A3956D46DE8}") = ".nuget", ".nuget", "{557FDA60-42DB-4547-A0FA-772964DDF6D3}"
	ProjectSection(SolutionItems) = preProject
		.nuget\packages.config = .nuget\packages.config
	EndProjectSection
EndProject
Global
	GlobalSection(SolutionConfigurationPlatforms) = preSolution
		Debug|Any CPU = Debug|Any CPU
		Debug|Mixed Platforms = Debug|Mixed Platforms
		Debug|Win32 = Debug|Win32
		Debug|x64 = Debug|x64
		Release|Any CPU = Release|Any CPU
		Release|Mixed Platforms = Release|Mixed Platforms
		Release|Win32 = Release|Win32
		Release|x64 = Release|x64
	EndGlobalSection
	GlobalSection(ProjectConfigurationPlatforms) = postSolution
		{62CEAA48-47EF-4CB1-8AC6-F038A2DDA721}.Debug|Any CPU.ActiveCfg = Debug|Win32
		{62CEAA48-47EF-4CB1-8AC6-F038A2DDA721}.Debug|Mixed Platforms.ActiveCfg = Debug|Win32
		{62CEAA48-47EF-4CB1-8AC6-F038A2DDA721}.Debug|Mixed Platforms.Build.0 = Debug|Win32
		{62CEAA48-47EF-4CB1-8AC6-F038A2DDA721}.Debug|Win32.ActiveCfg = Debug|Win32
		{62CEAA48-47EF-4CB1-8AC6-F038A2DDA721}.Debug|Win32.Build.0 = Debug|Win32
		{62CEAA48-47EF-4CB1-8AC6-F038A2DDA721}.Debug|x64.ActiveCfg = Debug|x64
		{62CEAA48-47EF-4CB1-8AC6-F038A2DDA721}.Debug|x64.Build.0 = Debug|x64
		{62CEAA48-47EF-4CB1-8AC6-F038A2DDA721}.Release|Any CPU.ActiveCfg = Release|Win32
		{62CEAA48-47EF-4CB1-8AC6-F038A2DDA721}.Release|Mixed Platforms.ActiveCfg = Release|Win32
		{62CEAA48-47EF-4CB1-8AC6-F038A2DDA721}.Release|Mixed Platforms.Build.0 = Release|Win32
		{62CEAA48-47EF-4CB1-8AC6-F038A2DDA721}.Release|Win32.ActiveCfg = Release|Win32
		{62CEAA48-47EF-4CB1-8AC6-F038A2DDA721}.Release|Win32.Build.0 = Release|Win32
		{62CEAA48-47EF-4CB1-8AC6-F038A2DDA721}.Release|x64.ActiveCfg = Release|x64
		{62CEAA48-47EF-4CB1-8AC6-F038A2DDA721}.Release|x64.Build.0 = Release|x64
		{0862448C-95DB-4044-8593-265919438E07}.Debug|Any CPU.ActiveCfg = Debug|x86
		{0862448C-95DB-4044-8593-265919438E07}.Debug|Mixed Platforms.ActiveCfg = Debug|x86
		{0862448C-95DB-4044-8593-265919438E07}.Debug|Mixed Platforms.Build.0 = Debug|x86
		{0862448C-95DB-4044-8593-265919438E07}.Debug|Win32.ActiveCfg = Debug|x86
		{0862448C-95DB-4044-8593-265919438E07}.Debug|Win32.Build.0 = Debug|x86
		{0862448C-95DB-4044-8593-265919438E07}.Debug|x64.ActiveCfg = Debug|x64
		{0862448C-95DB-4044-8593-265919438E07}.Debug|x64.Build.0 = Debug|x64
		{0862448C-95DB-4044-8593-265919438E07}.Release|Any CPU.ActiveCfg = Release|x86
		{0862448C-95DB-4044-8593-265919438E07}.Release|Mixed Platforms.ActiveCfg = Release|x86
		{0862448C-95DB-4044-8593-265919438E07}.Release|Mixed Platforms.Build.0 = Release|x86
		{0862448C-95DB-4044-8593-265919438E07}.Release|Win32.ActiveCfg = Release|x86
		{0862448C-95DB-4044-8593-265919438E07}.Release|Win32.Build.0 = Release|x86
		{0862448C-95DB-4044-8593-265919438E07}.Release|x64.ActiveCfg = Release|x64
		{0862448C-95DB-4044-8593-265919438E07}.Release|x64.Build.0 = Release|x64
		{EA2921D8-0153-499C-AF80-0D05A0E06FE3}.Debug|Any CPU.ActiveCfg = Debug|Win32
		{EA2921D8-0153-499C-AF80-0D05A0E06FE3}.Debug|Mixed Platforms.ActiveCfg = Debug|Win32
		{EA2921D8-0153-499C-AF80-0D05A0E06FE3}.Debug|Mixed Platforms.Build.0 = Debug|Win32
		{EA2921D8-0153-499C-AF80-0D05A0E06FE3}.Debug|Win32.ActiveCfg = Debug|Win32
		{EA2921D8-0153-499C-AF80-0D05A0E06FE3}.Debug|Win32.Build.0 = Debug|Win32
		{EA2921D8-0153-499C-AF80-0D05A0E06FE3}.Debug|x64.ActiveCfg = Debug|x64
		{EA2921D8-0153-499C-AF80-0D05A0E06FE3}.Debug|x64.Build.0 = Debug|x64
		{EA2921D8-0153-499C-AF80-0D05A0E06FE3}.Release|Any CPU.ActiveCfg = Release|Win32
		{EA2921D8-0153-499C-AF80-0D05A0E06FE3}.Release|Mixed Platforms.ActiveCfg = Release|Win32
		{EA2921D8-0153-499C-AF80-0D05A0E06FE3}.Release|Mixed Platforms.Build.0 = Release|Win32
		{EA2921D8-0153-499C-AF80-0D05A0E06FE3}.Release|Win32.ActiveCfg = Release|Win32
		{EA2921D8-0153-499C-AF80-0D05A0E06FE3}.Release|Win32.Build.0 = Release|Win32
		{EA2921D8-0153-499C-AF80-0D05A0E06FE3}.Release|x64.ActiveCfg = Release|x64
		{EA2921D8-0153-499C-AF80-0D05A0E06FE3}.Release|x64.Build.0 = Release|x64
	EndGlobalSection
	GlobalSection(SolutionProperties) = preSolution
		HideSolutionNode = FALSE
	EndGlobalSection
	GlobalSection(Performance) = preSolution
		HasPerformanceSessions = true
	EndGlobalSection
EndGlobal
